
Microsoft Visual Studio Solution File, Format Version 12.00
Project("{FAE04EC0-301F-11D3-BF4B-00C04F79EFBC}") = "LanzhouBeefNoodles", "LanzhouBeefNoodles\LanzhouBeefNoodles.csproj", "{06190B94-518D-46C4-AD52-18A18DE530B0}"
EndProject
Global
	GlobalSection(SolutionConfigurationPlatforms) = preSolution
		Debug|Any CPU = Debug|Any CPU
		Release|Any CPU = Release|Any CPU
	EndGlobalSection
	GlobalSection(ProjectConfigurationPlatforms) = postSolution
		{06190B94-518D-46C4-AD52-18A18DE530B0}.Debug|Any CPU.ActiveCfg = Debug|Any CPU
		{06190B94-518D-46C4-AD52-18A18DE530B0}.Debug|Any CPU.Build.0 = Debug|Any CPU
		{06190B94-518D-46C4-AD52-18A18DE530B0}.Release|Any CPU.ActiveCfg = Release|Any CPU
		{06190B94-518D-46C4-AD52-18A18DE530B0}.Release|Any CPU.Build.0 = Release|Any CPU
	EndGlobalSection
EndGlobal
