// !$*UTF8*$!
{
	archiveVersion = 1;
	classes = {
	};
	objectVersion = 46;
	objects = {

/* Begin PBXBuildFile section */
		92DE90167C45BA7B50C7D7E8 /* AppDelegate.swift in Sources */ = {isa = PBXBuildFile; fileRef = 92DE9E7C016E62A52C55953A /* AppDelegate.swift */; };
		92DE9252183DC7DE8D484176 /* ViewController.swift in Sources */ = {isa = PBXBuildFile; fileRef = 92DE91973A6AD9F708B8FD88 /* ViewController.swift */; };
		92DE93014E66D75C2B38ECBF /* Main.storyboard in Resources */ = {isa = PBXBuildFile; fileRef = 92DE968249D541B6FC447CC5 /* Main.storyboard */; };
		92DE94DBB1DE7C8CBA37272F /* Assets.xcassets in Resources */ = {isa = PBXBuildFile; fileRef = 92DE9E5811EBA04BBDBA742F /* Assets.xcassets */; };
		92DE9A6DA6312248419493DE /* LaunchScreen.storyboard in Resources */ = {isa = PBXBuildFile; fileRef = 92DE95FB7263883E0E971F0D /* LaunchScreen.storyboard */; };
		92DE9C3BDB87A8ACB6B18301 /* SceneDelegate.swift in Sources */ = {isa = PBXBuildFile; fileRef = 92DE94FB7B38BCF47E3D6261 /* SceneDelegate.swift */; };
		E95FFDAC278DA7A4008DCFDD /* A.wav in Resources */ = {isa = PBXBuildFile; fileRef = E95FFDA5278DA7A4008DCFDD /* A.wav */; };
		E95FFDAD278DA7A4008DCFDD /* C.wav in Resources */ = {isa = PBXBuildFile; fileRef = E95FFDA6278DA7A4008DCFDD /* C.wav */; };
		E95FFDAE278DA7A4008DCFDD /* B.wav in Resources */ = {isa = PBXBuildFile; fileRef = E95FFDA7278DA7A4008DCFDD /* B.wav */; };
		E95FFDAF278DA7A4008DCFDD /* F.wav in Resources */ = {isa = PBXBuildFile; fileRef = E95FFDA8278DA7A4008DCFDD /* F.wav */; };
		E95FFDB0278DA7A4008DCFDD /* G.wav in Resources */ = {isa = PBXBuildFile; fileRef = E95FFDA9278DA7A4008DCFDD /* G.wav */; };
		E95FFDB1278DA7A4008DCFDD /* E.wav in Resources */ = {isa = PBXBuildFile; fileRef = E95FFDAA278DA7A4008DCFDD /* E.wav */; };
		E95FFDB2278DA7A4008DCFDD /* D.wav in Resources */ = {isa = PBXBuildFile; fileRef = E95FFDAB278DA7A4008DCFDD /* D.wav */; };
/* End PBXBuildFile section */

/* Begin PBXFileReference section */
		92DE91973A6AD9F708B8FD88 /* ViewController.swift */ = {isa = PBXFileReference; lastKnownFileType = sourcecode.swift; path = ViewController.swift; sourceTree = "<group>"; };
		92DE9266B9540ED643A0196D /* xylophone.app */ = {isa = PBXFileReference; explicitFileType = wrapper.application; includeInIndex = 0; path = xylophone.app; sourceTree = BUILT_PRODUCTS_DIR; };
		92DE94FB7B38BCF47E3D6261 /* SceneDelegate.swift */ = {isa = PBXFileReference; lastKnownFileType = sourcecode.swift; path = SceneDelegate.swift; sourceTree = "<group>"; };
		92DE95666010528FBE88DB98 /* Info.plist */ = {isa = PBXFileReference; lastKnownFileType = text.plist.info; path = Info.plist; sourceTree = "<group>"; };
		92DE9C0605A7EF5E81236401 /* Base */ = {isa = PBXFileReference; lastKnownFileType = file.storyboard; name = Base; path = Base.lproj/Main.storyboard; sourceTree = "<group>"; };
		92DE9DBA23C383598352EFA7 /* Base */ = {isa = PBXFileReference; lastKnownFileType = file.storyboard; name = Base; path = Base.lproj/LaunchScreen.storyboard; sourceTree = "<group>"; };
		92DE9E5811EBA04BBDBA742F /* Assets.xcassets */ = {isa = PBXFileReference; lastKnownFileType = folder.assetcatalog; path = Assets.xcassets; sourceTree = "<group>"; };
		92DE9E7C016E62A52C55953A /* AppDelegate.swift */ = {isa = PBXFileReference; lastKnownFileType = sourcecode.swift; path = AppDelegate.swift; sourceTree = "<group>"; };
		E95FFDA5278DA7A4008DCFDD /* A.wav */ = {isa = PBXFileReference; lastKnownFileType = audio.wav; path = A.wav; sourceTree = "<group>"; };
		E95FFDA6278DA7A4008DCFDD /* C.wav */ = {isa = PBXFileReference; lastKnownFileType = audio.wav; path = C.wav; sourceTree = "<group>"; };
		E95FFDA7278DA7A4008DCFDD /* B.wav */ = {isa = PBXFileReference; lastKnownFileType = audio.wav; path = B.wav; sourceTree = "<group>"; };
		E95FFDA8278DA7A4008DCFDD /* F.wav */ = {isa = PBXFileReference; lastKnownFileType = audio.wav; path = F.wav; sourceTree = "<group>"; };
		E95FFDA9278DA7A4008DCFDD /* G.wav */ = {isa = PBXFileReference; lastKnownFileType = audio.wav; path = G.wav; sourceTree = "<group>"; };
		E95FFDAA278DA7A4008DCFDD /* E.wav */ = {isa = PBXFileReference; lastKnownFileType = audio.wav; path = E.wav; sourceTree = "<group>"; };
		E95FFDAB278DA7A4008DCFDD /* D.wav */ = {isa = PBXFileReference; lastKnownFileType = audio.wav; path = D.wav; sourceTree = "<group>"; };
/* End PBXFileReference section */

/* Begin PBXFrameworksBuildPhase section */
		92DE9A887333BB2EF42FDC23 /* Frameworks */ = {
			isa = PBXFrameworksBuildPhase;
			buildActionMask = 2147483647;
			files = (
			);
			runOnlyForDeploymentPostprocessing = 0;
		};
/* End PBXFrameworksBuildPhase section */

/* Begin PBXGroup section */
		92DE93A600D94D31ABDBD87C /* xylophone */ = {
			isa = PBXGroup;
			children = (
				92DE9E5811EBA04BBDBA742F /* Assets.xcassets */,
				92DE9E7C016E62A52C55953A /* AppDelegate.swift */,
				92DE95FB7263883E0E971F0D /* LaunchScreen.storyboard */,
				92DE95666010528FBE88DB98 /* Info.plist */,
				92DE94FB7B38BCF47E3D6261 /* SceneDelegate.swift */,
				92DE91973A6AD9F708B8FD88 /* ViewController.swift */,
				92DE968249D541B6FC447CC5 /* Main.storyboard */,
				E95FFDA4278DA7A4008DCFDD /* Sounds */,
			);
			path = xylophone;
			sourceTree = "<group>";
		};
		92DE97637D61CF53CFC8FAF9 /* Products */ = {
			isa = PBXGroup;
			children = (
				92DE9266B9540ED643A0196D /* xylophone.app */,
			);
			name = Products;
			sourceTree = "<group>";
		};
		92DE9F525011854B49147C65 = {
			isa = PBXGroup;
			children = (
				92DE97637D61CF53CFC8FAF9 /* Products */,
				92DE93A600D94D31ABDBD87C /* xylophone */,
			);
			sourceTree = "<group>";
		};
		E95FFDA4278DA7A4008DCFDD /* Sounds */ = {
			isa = PBXGroup;
			children = (
				E95FFDA5278DA7A4008DCFDD /* A.wav */,
				E95FFDA6278DA7A4008DCFDD /* C.wav */,
				E95FFDA7278DA7A4008DCFDD /* B.wav */,
				E95FFDA8278DA7A4008DCFDD /* F.wav */,
				E95FFDA9278DA7A4008DCFDD /* G.wav */,
				E95FFDAA278DA7A4008DCFDD /* E.wav */,
				E95FFDAB278DA7A4008DCFDD /* D.wav */,
			);
			path = Sounds;
			sourceTree = "<group>";
		};
/* End PBXGroup section */

/* Begin PBXNativeTarget section */
		92DE9B74C2B066D0F368C0FB /* xylophone */ = {
			isa = PBXNativeTarget;
			buildConfigurationList = 92DE9446892D34F2A0F29DB5 /* Build configuration list for PBXNativeTarget "xylophone" */;
			buildPhases = (
				92DE9FE2BD8FF788DF6C3CF9 /* Sources */,
				92DE9A887333BB2EF42FDC23 /* Frameworks */,
				92DE9CF426AA2ED358AF8906 /* Resources */,
			);
			buildRules = (
			);
			dependencies = (
			);
			name = xylophone;
			productName = xylophone;
			productReference = 92DE9266B9540ED643A0196D /* xylophone.app */;
			productType = "com.apple.product-type.application";
		};
/* End PBXNativeTarget section */

/* Begin PBXProject section */
		92DE912A81AE2F0F00C9D13F /* Project object */ = {
			isa = PBXProject;
			attributes = {
			};
			buildConfigurationList = 92DE90DCDEDAA94A21C64310 /* Build configuration list for PBXProject "xylophone" */;
			compatibilityVersion = "Xcode 3.2";
			developmentRegion = English;
			hasScannedForEncodings = 0;
			knownRegions = (
				English,
				en,
				Base,
			);
			mainGroup = 92DE9F525011854B49147C65;
			productRefGroup = 92DE97637D61CF53CFC8FAF9 /* Products */;
			projectDirPath = "";
			projectRoot = "";
			targets = (
				92DE9B74C2B066D0F368C0FB /* xylophone */,
			);
		};
/* End PBXProject section */

/* Begin PBXResourcesBuildPhase section */
		92DE9CF426AA2ED358AF8906 /* Resources */ = {
			isa = PBXResourcesBuildPhase;
			buildActionMask = 2147483647;
			files = (
				E95FFDB0278DA7A4008DCFDD /* G.wav in Resources */,
				92DE94DBB1DE7C8CBA37272F /* Assets.xcassets in Resources */,
				E95FFDAF278DA7A4008DCFDD /* F.wav in Resources */,
				92DE9A6DA6312248419493DE /* LaunchScreen.storyboard in Resources */,
				E95FFDAC278DA7A4008DCFDD /* A.wav in Resources */,
				E95FFDAE278DA7A4008DCFDD /* B.wav in Resources */,
				E95FFDB1278DA7A4008DCFDD /* E.wav in Resources */,
				E95FFDB2278DA7A4008DCFDD /* D.wav in Resources */,
				92DE93014E66D75C2B38ECBF /* Main.storyboard in Resources */,
				E95FFDAD278DA7A4008DCFDD /* C.wav in Resources */,
			);
			runOnlyForDeploymentPostprocessing = 0;
		};
/* End PBXResourcesBuildPhase section */

/* Begin PBXSourcesBuildPhase section */
		92DE9FE2BD8FF788DF6C3CF9 /* Sources */ = {
			isa = PBXSourcesBuildPhase;
			buildActionMask = 2147483647;
			files = (
				92DE90167C45BA7B50C7D7E8 /* AppDelegate.swift in Sources */,
				92DE9C3BDB87A8ACB6B18301 /* SceneDelegate.swift in Sources */,
				92DE9252183DC7DE8D484176 /* ViewController.swift in Sources */,
			);
			runOnlyForDeploymentPostprocessing = 0;
		};
/* End PBXSourcesBuildPhase section */

/* Begin PBXVariantGroup section */
		92DE95FB7263883E0E971F0D /* LaunchScreen.storyboard */ = {
			isa = PBXVariantGroup;
			children = (
				92DE9DBA23C383598352EFA7 /* Base */,
			);
			name = LaunchScreen.storyboard;
			sourceTree = "<group>";
		};
		92DE968249D541B6FC447CC5 /* Main.storyboard */ = {
			isa = PBXVariantGroup;
			children = (
				92DE9C0605A7EF5E81236401 /* Base */,
			);
			name = Main.storyboard;
			sourceTree = "<group>";
		};
/* End PBXVariantGroup section */

/* Begin XCBuildConfiguration section */
		92DE90C6A1DE5C3E1BE63FEE /* Debug */ = {
			isa = XCBuildConfiguration;
			buildSettings = {
				ALWAYS_SEARCH_USER_PATHS = NO;
				CLANG_ANALYZER_NONNULL = YES;
				CLANG_ANALYZER_NUMBER_OBJECT_CONVERSION = YES_AGGRESSIVE;
				CLANG_CXX_LANGUAGE_STANDARD = "gnu++17";
				CLANG_CXX_LIBRARY = "libc++";
				CLANG_ENABLE_MODULES = YES;
				CLANG_ENABLE_OBJC_ARC = YES;
				CLANG_ENABLE_OBJC_WEAK = YES;
				CLANG_WARN_BLOCK_CAPTURE_AUTORELEASING = YES;
				CLANG_WARN_BOOL_CONVERSION = YES;
				CLANG_WARN_COMMA = YES;
				CLANG_WARN_CONSTANT_CONVERSION = YES;
				CLANG_WARN_DEPRECATED_OBJC_IMPLEMENTATIONS = YES;
				CLANG_WARN_DIRECT_OBJC_ISA_USAGE = YES_ERROR;
				CLANG_WARN_DOCUMENTATION_COMMENTS = YES;
				CLANG_WARN_EMPTY_BODY = YES;
				CLANG_WARN_ENUM_CONVERSION = YES;
				CLANG_WARN_INFINITE_RECURSION = YES;
				CLANG_WARN_INT_CONVERSION = YES;
				CLANG_WARN_NON_LITERAL_NULL_CONVERSION = YES;
				CLANG_WARN_OBJC_IMPLICIT_RETAIN_SELF = YES;
				CLANG_WARN_OBJC_LITERAL_CONVERSION = YES;
				CLANG_WARN_OBJC_ROOT_CLASS = YES_ERROR;
				CLANG_WARN_QUOTED_INCLUDE_IN_FRAMEWORK_HEADER = YES;
				CLANG_WARN_RANGE_LOOP_ANALYSIS = YES;
				CLANG_WARN_STRICT_PROTOTYPES = YES;
				CLANG_WARN_SUSPICIOUS_MOVE = YES;
				CLANG_WARN_UNGUARDED_AVAILABILITY = YES_AGGRESSIVE;
				CLANG_WARN_UNREACHABLE_CODE = YES;
				CLANG_WARN__DUPLICATE_METHOD_MATCH = YES;
				COPY_PHASE_STRIP = NO;
				DEBUG_INFORMATION_FORMAT = dwarf;
				ENABLE_STRICT_OBJC_MSGSEND = YES;
				ENABLE_TESTABILITY = YES;
				GCC_C_LANGUAGE_STANDARD = gnu11;
				GCC_DYNAMIC_NO_PIC = NO;
				GCC_NO_COMMON_BLOCKS = YES;
				GCC_OPTIMIZATION_LEVEL = 0;
				GCC_PREPROCESSOR_DEFINITIONS = (
					"DEBUG=1",
					"$(inherited)",
				);
				GCC_WARN_64_TO_32_BIT_CONVERSION = YES;
				GCC_WARN_ABOUT_RETURN_TYPE = YES_ERROR;
				GCC_WARN_UNDECLARED_SELECTOR = YES;
				GCC_WARN_UNINITIALIZED_AUTOS = YES_AGGRESSIVE;
				GCC_WARN_UNUSED_FUNCTION = YES;
				GCC_WARN_UNUSED_VARIABLE = YES;
				IPHONEOS_DEPLOYMENT_TARGET = 15.0;
				MTL_ENABLE_DEBUG_INFO = INCLUDE_SOURCE;
				MTL_FAST_MATH = YES;
				ONLY_ACTIVE_ARCH = YES;
				SDKROOT = iphoneos;
				SWIFT_ACTIVE_COMPILATION_CONDITIONS = DEBUG;
				SWIFT_OPTIMIZATION_LEVEL = "-Onone";
			};
			name = Debug;
		};
		92DE954AA40309854664ACEC /* Release */ = {
			isa = XCBuildConfiguration;
			buildSettings = {
				ALWAYS_SEARCH_USER_PATHS = NO;
				CLANG_ANALYZER_NONNULL = YES;
				CLANG_ANALYZER_NUMBER_OBJECT_CONVERSION = YES_AGGRESSIVE;
				CLANG_CXX_LANGUAGE_STANDARD = "gnu++17";
				CLANG_CXX_LIBRARY = "libc++";
				CLANG_ENABLE_MODULES = YES;
				CLANG_ENABLE_OBJC_ARC = YES;
				CLANG_ENABLE_OBJC_WEAK = YES;
				CLANG_WARN_BLOCK_CAPTURE_AUTORELEASING = YES;
				CLANG_WARN_BOOL_CONVERSION = YES;
				CLANG_WARN_COMMA = YES;
				CLANG_WARN_CONSTANT_CONVERSION = YES;
				CLANG_WARN_DEPRECATED_OBJC_IMPLEMENTATIONS = YES;
				CLANG_WARN_DIRECT_OBJC_ISA_USAGE = YES_ERROR;
				CLANG_WARN_DOCUMENTATION_COMMENTS = YES;
				CLANG_WARN_EMPTY_BODY = YES;
				CLANG_WARN_ENUM_CONVERSION = YES;
				CLANG_WARN_INFINITE_RECURSION = YES;
				CLANG_WARN_INT_CONVERSION = YES;
				CLANG_WARN_NON_LITERAL_NULL_CONVERSION = YES;
				CLANG_WARN_OBJC_IMPLICIT_RETAIN_SELF = YES;
				CLANG_WARN_OBJC_LITERAL_CONVERSION = YES;
				CLANG_WARN_OBJC_ROOT_CLASS = YES_ERROR;
				CLANG_WARN_QUOTED_INCLUDE_IN_FRAMEWORK_HEADER = YES;
				CLANG_WARN_RANGE_LOOP_ANALYSIS = YES;
				CLANG_WARN_STRICT_PROTOTYPES = YES;
				CLANG_WARN_SUSPICIOUS_MOVE = YES;
				CLANG_WARN_UNGUARDED_AVAILABILITY = YES_AGGRESSIVE;
				CLANG_WARN_UNREACHABLE_CODE = YES;
				CLANG_WARN__DUPLICATE_METHOD_MATCH = YES;
				COPY_PHASE_STRIP = NO;
				DEBUG_INFORMATION_FORMAT = "dwarf-with-dsym";
				ENABLE_NS_ASSERTIONS = NO;
				ENABLE_STRICT_OBJC_MSGSEND = YES;
				GCC_C_LANGUAGE_STANDARD = gnu11;
				GCC_NO_COMMON_BLOCKS = YES;
				GCC_WARN_64_TO_32_BIT_CONVERSION = YES;
				GCC_WARN_ABOUT_RETURN_TYPE = YES_ERROR;
				GCC_WARN_UNDECLARED_SELECTOR = YES;
				GCC_WARN_UNINITIALIZED_AUTOS = YES_AGGRESSIVE;
				GCC_WARN_UNUSED_FUNCTION = YES;
				GCC_WARN_UNUSED_VARIABLE = YES;
				IPHONEOS_DEPLOYMENT_TARGET = 15.0;
				MTL_ENABLE_DEBUG_INFO = NO;
				MTL_FAST_MATH = YES;
				SDKROOT = iphoneos;
				SWIFT_OPTIMIZATION_LEVEL = "-Owholemodule";
				VALIDATE_PRODUCT = YES;
			};
			name = Release;
		};
		92DE984B130E95D36B84AC58 /* Debug */ = {
			isa = XCBuildConfiguration;
			buildSettings = {
				ASSETCATALOG_COMPILER_APPICON_NAME = AppIcon;
				ASSETCATALOG_COMPILER_GLOBAL_ACCENT_COLOR_NAME = AccentColor;
				CURRENT_PROJECT_VERSION = 1;
				GENERATE_INFOPLIST_FILE = YES;
				INFOPLIST_FILE = xylophone/Info.plist;
				INFOPLIST_KEY_UIApplicationSupportsIndirectInputEvents = YES;
				INFOPLIST_KEY_UILaunchStoryboardName = LaunchScreen;
				INFOPLIST_KEY_UIMainStoryboardFile = Main;
				INFOPLIST_KEY_UISupportedInterfaceOrientations_iPad = "UIInterfaceOrientationPortrait UIInterfaceOrientationPortraitUpsideDown UIInterfaceOrientationLandscapeLeft UIInterfaceOrientationLandscapeRight";
				INFOPLIST_KEY_UISupportedInterfaceOrientations_iPhone = "UIInterfaceOrientationPortrait UIInterfaceOrientationLandscapeLeft UIInterfaceOrientationLandscapeRight";
				LD_RUNPATH_SEARCH_PATHS = "$(inherited) @executable_path/Frameworks";
				MARKETING_VERSION = 1.0;
				PRODUCT_BUNDLE_IDENTIFIER = com.example.xylophone;
				PRODUCT_NAME = "$(TARGET_NAME)";
				SWIFT_EMIT_LOC_STRINGS = YES;
				SWIFT_VERSION = 5.0;
				TARGETED_DEVICE_FAMILY = "1,2";
			};
			name = Debug;
		};
		92DE9949571B769D7B4A76A9 /* Release */ = {
			isa = XCBuildConfiguration;
			buildSettings = {
				ASSETCATALOG_COMPILER_APPICON_NAME = AppIcon;
				ASSETCATALOG_COMPILER_GLOBAL_ACCENT_COLOR_NAME = AccentColor;
				CURRENT_PROJECT_VERSION = 1;
				GENERATE_INFOPLIST_FILE = YES;
				INFOPLIST_FILE = xylophone/Info.plist;
				INFOPLIST_KEY_UIApplicationSupportsIndirectInputEvents = YES;
				INFOPLIST_KEY_UILaunchStoryboardName = LaunchScreen;
				INFOPLIST_KEY_UIMainStoryboardFile = Main;
				INFOPLIST_KEY_UISupportedInterfaceOrientations_iPad = "UIInterfaceOrientationPortrait UIInterfaceOrientationPortraitUpsideDown UIInterfaceOrientationLandscapeLeft UIInterfaceOrientationLandscapeRight";
				INFOPLIST_KEY_UISupportedInterfaceOrientations_iPhone = "UIInterfaceOrientationPortrait UIInterfaceOrientationLandscapeLeft UIInterfaceOrientationLandscapeRight";
				LD_RUNPATH_SEARCH_PATHS = "$(inherited) @executable_path/Frameworks";
				MARKETING_VERSION = 1.0;
				PRODUCT_BUNDLE_IDENTIFIER = com.example.xylophone;
				PRODUCT_NAME = "$(TARGET_NAME)";
				SWIFT_EMIT_LOC_STRINGS = YES;
				SWIFT_VERSION = 5.0;
				TARGETED_DEVICE_FAMILY = "1,2";
			};
			name = Release;
		};
/* End XCBuildConfiguration section */

/* Begin XCConfigurationList section */
		92DE90DCDEDAA94A21C64310 /* Build configuration list for PBXProject "xylophone" */ = {
			isa = XCConfigurationList;
			buildConfigurations = (
				92DE90C6A1DE5C3E1BE63FEE /* Debug */,
				92DE954AA40309854664ACEC /* Release */,
			);
			defaultConfigurationIsVisible = 0;
			defaultConfigurationName = Release;
		};
		92DE9446892D34F2A0F29DB5 /* Build configuration list for PBXNativeTarget "xylophone" */ = {
			isa = XCConfigurationList;
			buildConfigurations = (
				92DE984B130E95D36B84AC58 /* Debug */,
				92DE9949571B769D7B4A76A9 /* Release */,
			);
			defaultConfigurationIsVisible = 0;
			defaultConfigurationName = Release;
		};
/* End XCConfigurationList section */
	};
	rootObject = 92DE912A81AE2F0F00C9D13F /* Project object */;
}
